
Microsoft Visual Studio Solution File, Format Version 12.00
# Visual Studio Version 16
VisualStudioVersion = 16.0.30204.135
MinimumVisualStudioVersion = 10.0.40219.1
Project("{FAE04EC0-301F-11D3-BF4B-00C04F79EFBC}") = "playlaze", "playlaze.csproj", "{A2896C57-228A-4BDE-A203-944ABBD03B0B}"
EndProject
Global
	GlobalSection(SolutionConfigurationPlatforms) = preSolution
		Debug|Any CPU = Debug|Any CPU
		Release|Any CPU = Release|Any CPU
	EndGlobalSection
	GlobalSection(ProjectConfigurationPlatforms) = postSolution
		{A2896C57-228A-4BDE-A203-944ABBD03B0B}.Debug|Any CPU.ActiveCfg = Debug|Any CPU
		{A2896C57-228A-4BDE-A203-944ABBD03B0B}.Debug|Any CPU.Build.0 = Debug|Any CPU
		{A2896C57-228A-4BDE-A203-944ABBD03B0B}.Release|Any CPU.ActiveCfg = Release|Any CPU
		{A2896C57-228A-4BDE-A203-944ABBD03B0B}.Release|Any CPU.Build.0 = Release|Any CPU
	EndGlobalSection
	GlobalSection(SolutionProperties) = preSolution
		HideSolutionNode = FALSE
	EndGlobalSection
	GlobalSection(ExtensibilityGlobals) = postSolution
		SolutionGuid = {1192FF83-0602-40FB-8806-F5DEF8E31DBC}
	EndGlobalSection
EndGlobal
